
Microsoft Visual Studio Solution File, Format Version 12.00
# Visual Studio Version 16
VisualStudioVersion = 16.0.30804.86
MinimumVisualStudioVersion = 10.0.40219.1
Project("{FAE04EC0-301F-11D3-BF4B-00C04F79EFBC}") = "DTO", "DTO\DTO.csproj", "{1DF6EC72-05EF-48F8-99E1-BB968A3476FE}"
EndProject
Project("{FAE04EC0-301F-11D3-BF4B-00C04F79EFBC}") = "DAL", "DAL\DAL.csproj", "{111D2CE8-7C70-44E1-8447-DAA26BF1868F}"
EndProject
Project("{FAE04EC0-301F-11D3-BF4B-00C04F79EFBC}") = "BLL", "BLL\BLL.csproj", "{1463EA2A-8EB6-460A-A542-273B4E8328BA}"
EndProject
Project("{FAE04EC0-301F-11D3-BF4B-00C04F79EFBC}") = "GUI", "GUI\GUI.csproj", "{4FBDE0C7-4371-40F1-A671-ED0DE8908B9D}"
	ProjectSection(ProjectDependencies) = postProject
		{907911A5-F7BE-499B-A80F-1455B8F3DE85} = {907911A5-F7BE-499B-A80F-1455B8F3DE85}
	EndProjectSection
EndProject
Project("{FAE04EC0-301F-11D3-BF4B-00C04F79EFBC}") = "WCF", "WCF\WCF.csproj", "{907911A5-F7BE-499B-A80F-1455B8F3DE85}"
EndProject
Project("{FAE04EC0-301F-11D3-BF4B-00C04F79EFBC}") = "SRV", "SRV\SRV.csproj", "{33650EEE-687C-4DF7-8F38-0CE9AD1E33BB}"
	ProjectSection(ProjectDependencies) = postProject
		{907911A5-F7BE-499B-A80F-1455B8F3DE85} = {907911A5-F7BE-499B-A80F-1455B8F3DE85}
	EndProjectSection
EndProject
Project("{FAE04EC0-301F-11D3-BF4B-00C04F79EFBC}") = "Test", "Test\Test.csproj", "{53C08AD8-DDAC-4D7F-A534-724C269BC14D}"
EndProject
Global
	GlobalSection(SolutionConfigurationPlatforms) = preSolution
		Debug|Any CPU = Debug|Any CPU
		Release|Any CPU = Release|Any CPU
	EndGlobalSection
	GlobalSection(ProjectConfigurationPlatforms) = postSolution
		{1DF6EC72-05EF-48F8-99E1-BB968A3476FE}.Debug|Any CPU.ActiveCfg = Debug|Any CPU
		{1DF6EC72-05EF-48F8-99E1-BB968A3476FE}.Debug|Any CPU.Build.0 = Debug|Any CPU
		{1DF6EC72-05EF-48F8-99E1-BB968A3476FE}.Release|Any CPU.ActiveCfg = Release|Any CPU
		{1DF6EC72-05EF-48F8-99E1-BB968A3476FE}.Release|Any CPU.Build.0 = Release|Any CPU
		{111D2CE8-7C70-44E1-8447-DAA26BF1868F}.Debug|Any CPU.ActiveCfg = Debug|Any CPU
		{111D2CE8-7C70-44E1-8447-DAA26BF1868F}.Debug|Any CPU.Build.0 = Debug|Any CPU
		{111D2CE8-7C70-44E1-8447-DAA26BF1868F}.Release|Any CPU.ActiveCfg = Release|Any CPU
		{111D2CE8-7C70-44E1-8447-DAA26BF1868F}.Release|Any CPU.Build.0 = Release|Any CPU
		{1463EA2A-8EB6-460A-A542-273B4E8328BA}.Debug|Any CPU.ActiveCfg = Debug|Any CPU
		{1463EA2A-8EB6-460A-A542-273B4E8328BA}.Debug|Any CPU.Build.0 = Debug|Any CPU
		{1463EA2A-8EB6-460A-A542-273B4E8328BA}.Release|Any CPU.ActiveCfg = Release|Any CPU
		{1463EA2A-8EB6-460A-A542-273B4E8328BA}.Release|Any CPU.Build.0 = Release|Any CPU
		{4FBDE0C7-4371-40F1-A671-ED0DE8908B9D}.Debug|Any CPU.ActiveCfg = Debug|Any CPU
		{4FBDE0C7-4371-40F1-A671-ED0DE8908B9D}.Debug|Any CPU.Build.0 = Debug|Any CPU
		{4FBDE0C7-4371-40F1-A671-ED0DE8908B9D}.Release|Any CPU.ActiveCfg = Release|Any CPU
		{4FBDE0C7-4371-40F1-A671-ED0DE8908B9D}.Release|Any CPU.Build.0 = Release|Any CPU
		{907911A5-F7BE-499B-A80F-1455B8F3DE85}.Debug|Any CPU.ActiveCfg = Debug|Any CPU
		{907911A5-F7BE-499B-A80F-1455B8F3DE85}.Debug|Any CPU.Build.0 = Debug|Any CPU
		{907911A5-F7BE-499B-A80F-1455B8F3DE85}.Release|Any CPU.ActiveCfg = Release|Any CPU
		{907911A5-F7BE-499B-A80F-1455B8F3DE85}.Release|Any CPU.Build.0 = Release|Any CPU
		{33650EEE-687C-4DF7-8F38-0CE9AD1E33BB}.Debug|Any CPU.ActiveCfg = Debug|Any CPU
		{33650EEE-687C-4DF7-8F38-0CE9AD1E33BB}.Debug|Any CPU.Build.0 = Debug|Any CPU
		{33650EEE-687C-4DF7-8F38-0CE9AD1E33BB}.Release|Any CPU.ActiveCfg = Release|Any CPU
		{33650EEE-687C-4DF7-8F38-0CE9AD1E33BB}.Release|Any CPU.Build.0 = Release|Any CPU
		{53C08AD8-DDAC-4D7F-A534-724C269BC14D}.Debug|Any CPU.ActiveCfg = Debug|Any CPU
		{53C08AD8-DDAC-4D7F-A534-724C269BC14D}.Debug|Any CPU.Build.0 = Debug|Any CPU
		{53C08AD8-DDAC-4D7F-A534-724C269BC14D}.Release|Any CPU.ActiveCfg = Release|Any CPU
		{53C08AD8-DDAC-4D7F-A534-724C269BC14D}.Release|Any CPU.Build.0 = Release|Any CPU
	EndGlobalSection
	GlobalSection(SolutionProperties) = preSolution
		HideSolutionNode = FALSE
	EndGlobalSection
	GlobalSection(ExtensibilityGlobals) = postSolution
		SolutionGuid = {A124511C-CCE9-42CE-8475-097B3206AFEE}
	EndGlobalSection
EndGlobal
